{
  "requires": true,
  "lockfileVersion": 1,
  "dependencies": {
    "dataflashlog": {
      "version": "0.0.3",
      "resolved": "https://registry.npmjs.org/dataflashlog/-/dataflashlog-0.0.3.tgz",
      "integrity": "sha512-zejSgeM8b70qAPs4GgIVTD7MO8ww3zyE0PH9eZY4HI+LntZgwq5/onxZAnoYGqhbNuWdHSJZwkOd1h3LTZjZXA==",
      "requires": {
        "n64": "0.0.18"
      }
    },
    "kew": {
      "version": "0.7.0",
      "resolved": "https://registry.npmjs.org/kew/-/kew-0.7.0.tgz",
      "integrity": "sha1-edk9LTM2PW/dKXCzNdkUGtWR15s="
    },
    "n64": {
      "version": "0.0.18",
      "resolved": "https://registry.npmjs.org/n64/-/n64-0.0.18.tgz",
      "integrity": "sha512-z5gRoCNFTY5fderO8n5tt6p7+jZiivzN1LhuR4EqrTkciYDCpJy8xkwkd1YO5eyfimeLAjXy/6k3FLC+GQ6lLw=="
    }
  }
}
